// !$*UTF8*$!
{
	archiveVersion = 1;
	classes = {
	};
	objectVersion = 77;
	objects = {

/* Begin PBXContainerItemProxy section */
		157BB3FD2DCE956E002BA8B3 /* PBXContainerItemProxy */ = {
			isa = PBXContainerItemProxy;
			containerPortal = 157BB3E22DCE956C002BA8B3 /* Project object */;
			proxyType = 1;
			remoteGlobalIDString = 157BB3E92DCE956C002BA8B3;
			remoteInfo = PaperClip;
		};
		157BB4072DCE956E002BA8B3 /* PBXContainerItemProxy */ = {
			isa = PBXContainerItemProxy;
			containerPortal = 157BB3E22DCE956C002BA8B3 /* Project object */;
			proxyType = 1;
			remoteGlobalIDString = 157BB3E92DCE956C002BA8B3;
			remoteInfo = PaperClip;
		};
/* End PBXContainerItemProxy section */

/* Begin PBXFileReference section */
		157BB3EA2DCE956C002BA8B3 /* PaperClip.app */ = {isa = PBXFileReference; explicitFileType = wrapper.application; includeInIndex = 0; path = PaperClip.app; sourceTree = BUILT_PRODUCTS_DIR; };
		157BB3FC2DCE956E002BA8B3 /* PaperClipTests.xctest */ = {isa = PBXFileReference; explicitFileType = wrapper.cfbundle; includeInIndex = 0; path = PaperClipTests.xctest; sourceTree = BUILT_PRODUCTS_DIR; };
		157BB4062DCE956E002BA8B3 /* PaperClipUITests.xctest */ = {isa = PBXFileReference; explicitFileType = wrapper.cfbundle; includeInIndex = 0; path = PaperClipUITests.xctest; sourceTree = BUILT_PRODUCTS_DIR; };
/* End PBXFileReference section */

/* Begin PBXFileSystemSynchronizedRootGroup section */
		157BB3EC2DCE956C002BA8B3 /* PaperClip */ = {
			isa = PBXFileSystemSynchronizedRootGroup;
			path = PaperClip;
			sourceTree = "<group>";
		};
		157BB3FF2DCE956E002BA8B3 /* PaperClipTests */ = {
			isa = PBXFileSystemSynchronizedRootGroup;
			path = PaperClipTests;
			sourceTree = "<group>";
		};
		157BB4092DCE956E002BA8B3 /* PaperClipUITests */ = {
			isa = PBXFileSystemSynchronizedRootGroup;
			path = PaperClipUITests;
			sourceTree = "<group>";
		};
/* End PBXFileSystemSynchronizedRootGroup section */

/* Begin PBXFrameworksBuildPhase section */
		157BB3E72DCE956C002BA8B3 /* Frameworks */ = {
			isa = PBXFrameworksBuildPhase;
			buildActionMask = 2147483647;
			files = (
			);
			runOnlyForDeploymentPostprocessing = 0;
		};
		157BB3F92DCE956E002BA8B3 /* Frameworks */ = {
			isa = PBXFrameworksBuildPhase;
			buildActionMask = 2147483647;
			files = (
			);
			runOnlyForDeploymentPostprocessing = 0;
		};
		157BB4032DCE956E002BA8B3 /* Frameworks */ = {
			isa = PBXFrameworksBuildPhase;
			buildActionMask = 2147483647;
			files = (
			);
			runOnlyForDeploymentPostprocessing = 0;
		};
/* End PBXFrameworksBuildPhase section */

/* Begin PBXGroup section */
		157BB3E12DCE956C002BA8B3 = {
			isa = PBXGroup;
			children = (
				157BB3EC2DCE956C002BA8B3 /* PaperClip */,
				157BB3FF2DCE956E002BA8B3 /* PaperClipTests */,
				157BB4092DCE956E002BA8B3 /* PaperClipUITests */,
				157BB3EB2DCE956C002BA8B3 /* Products */,
			);
			sourceTree = "<group>";
		};
		157BB3EB2DCE956C002BA8B3 /* Products */ = {
			isa = PBXGroup;
			children = (
				157BB3EA2DCE956C002BA8B3 /* PaperClip.app */,
				157BB3FC2DCE956E002BA8B3 /* PaperClipTests.xctest */,
				157BB4062DCE956E002BA8B3 /* PaperClipUITests.xctest */,
			);
			name = Products;
			sourceTree = "<group>";
		};
/* End PBXGroup section */

/* Begin PBXNativeTarget section */
		157BB3E92DCE956C002BA8B3 /* PaperClip */ = {
			isa = PBXNativeTarget;
			buildConfigurationList = 157BB4102DCE956E002BA8B3 /* Build configuration list for PBXNativeTarget "PaperClip" */;
			buildPhases = (
				157BB3E62DCE956C002BA8B3 /* Sources */,
				157BB3E72DCE956C002BA8B3 /* Frameworks */,
				157BB3E82DCE956C002BA8B3 /* Resources */,
			);
			buildRules = (
			);
			dependencies = (
			);
			fileSystemSynchronizedGroups = (
				157BB3EC2DCE956C002BA8B3 /* PaperClip */,
			);
			name = PaperClip;
			packageProductDependencies = (
			);
			productName = PaperClip;
			productReference = 157BB3EA2DCE956C002BA8B3 /* PaperClip.app */;
			productType = "com.apple.product-type.application";
		};
		157BB3FB2DCE956E002BA8B3 /* PaperClipTests */ = {
			isa = PBXNativeTarget;
			buildConfigurationList = 157BB4132DCE956E002BA8B3 /* Build configuration list for PBXNativeTarget "PaperClipTests" */;
			buildPhases = (
				157BB3F82DCE956E002BA8B3 /* Sources */,
				157BB3F92DCE956E002BA8B3 /* Frameworks */,
				157BB3FA2DCE956E002BA8B3 /* Resources */,
			);
			buildRules = (
			);
			dependencies = (
				157BB3FE2DCE956E002BA8B3 /* PBXTargetDependency */,
			);
			fileSystemSynchronizedGroups = (
				157BB3FF2DCE956E002BA8B3 /* PaperClipTests */,
			);
			name = PaperClipTests;
			packageProductDependencies = (
			);
			productName = PaperClipTests;
			productReference = 157BB3FC2DCE956E002BA8B3 /* PaperClipTests.xctest */;
			productType = "com.apple.product-type.bundle.unit-test";
		};
		157BB4052DCE956E002BA8B3 /* PaperClipUITests */ = {
			isa = PBXNativeTarget;
			buildConfigurationList = 157BB4162DCE956E002BA8B3 /* Build configuration list for PBXNativeTarget "PaperClipUITests" */;
			buildPhases = (
				157BB4022DCE956E002BA8B3 /* Sources */,
				157BB4032DCE956E002BA8B3 /* Frameworks */,
				157BB4042DCE956E002BA8B3 /* Resources */,
			);
			buildRules = (
			);
			dependencies = (
				157BB4082DCE956E002BA8B3 /* PBXTargetDependency */,
			);
			fileSystemSynchronizedGroups = (
				157BB4092DCE956E002BA8B3 /* PaperClipUITests */,
			);
			name = PaperClipUITests;
			packageProductDependencies = (
			);
			productName = PaperClipUITests;
			productReference = 157BB4062DCE956E002BA8B3 /* PaperClipUITests.xctest */;
			productType = "com.apple.product-type.bundle.ui-testing";
		};
/* End PBXNativeTarget section */

/* Begin PBXProject section */
		157BB3E22DCE956C002BA8B3 /* Project object */ = {
			isa = PBXProject;
			attributes = {
				BuildIndependentTargetsInParallel = 1;
				LastSwiftUpdateCheck = 1630;
				LastUpgradeCheck = 1630;
				TargetAttributes = {
					157BB3E92DCE956C002BA8B3 = {
						CreatedOnToolsVersion = 16.3;
					};
					157BB3FB2DCE956E002BA8B3 = {
						CreatedOnToolsVersion = 16.3;
						TestTargetID = 157BB3E92DCE956C002BA8B3;
					};
					157BB4052DCE956E002BA8B3 = {
						CreatedOnToolsVersion = 16.3;
						TestTargetID = 157BB3E92DCE956C002BA8B3;
					};
				};
			};
			buildConfigurationList = 157BB3E52DCE956C002BA8B3 /* Build configuration list for PBXProject "PaperClip" */;
			developmentRegion = en;
			hasScannedForEncodings = 0;
			knownRegions = (
				en,
				Base,
			);
			mainGroup = 157BB3E12DCE956C002BA8B3;
			minimizedProjectReferenceProxies = 1;
			preferredProjectObjectVersion = 77;
			productRefGroup = 157BB3EB2DCE956C002BA8B3 /* Products */;
			projectDirPath = "";
			projectRoot = "";
			targets = (
				157BB3E92DCE956C002BA8B3 /* PaperClip */,
				157BB3FB2DCE956E002BA8B3 /* PaperClipTests */,
				157BB4052DCE956E002BA8B3 /* PaperClipUITests */,
			);
		};
/* End PBXProject section */

/* Begin PBXResourcesBuildPhase section */
		157BB3E82DCE956C002BA8B3 /* Resources */ = {
			isa = PBXResourcesBuildPhase;
			buildActionMask = 2147483647;
			files = (
			);
			runOnlyForDeploymentPostprocessing = 0;
		};
		157BB3FA2DCE956E002BA8B3 /* Resources */ = {
			isa = PBXResourcesBuildPhase;
			buildActionMask = 2147483647;
			files = (
			);
			runOnlyForDeploymentPostprocessing = 0;
		};
		157BB4042DCE956E002BA8B3 /* Resources */ = {
			isa = PBXResourcesBuildPhase;
			buildActionMask = 2147483647;
			files = (
			);
			runOnlyForDeploymentPostprocessing = 0;
		};
/* End PBXResourcesBuildPhase section */

/* Begin PBXSourcesBuildPhase section */
		157BB3E62DCE956C002BA8B3 /* Sources */ = {
			isa = PBXSourcesBuildPhase;
			buildActionMask = 2147483647;
			files = (
			);
			runOnlyForDeploymentPostprocessing = 0;
		};
		157BB3F82DCE956E002BA8B3 /* Sources */ = {
			isa = PBXSourcesBuildPhase;
			buildActionMask = 2147483647;
			files = (
			);
			runOnlyForDeploymentPostprocessing = 0;
		};
		157BB4022DCE956E002BA8B3 /* Sources */ = {
			isa = PBXSourcesBuildPhase;
			buildActionMask = 2147483647;
			files = (
			);
			runOnlyForDeploymentPostprocessing = 0;
		};
/* End PBXSourcesBuildPhase section */

/* Begin PBXTargetDependency section */
		157BB3FE2DCE956E002BA8B3 /* PBXTargetDependency */ = {
			isa = PBXTargetDependency;
			target = 157BB3E92DCE956C002BA8B3 /* PaperClip */;
			targetProxy = 157BB3FD2DCE956E002BA8B3 /* PBXContainerItemProxy */;
		};
		157BB4082DCE956E002BA8B3 /* PBXTargetDependency */ = {
			isa = PBXTargetDependency;
			target = 157BB3E92DCE956C002BA8B3 /* PaperClip */;
			targetProxy = 157BB4072DCE956E002BA8B3 /* PBXContainerItemProxy */;
		};
/* End PBXTargetDependency section */

/* Begin XCBuildConfiguration section */
		157BB40E2DCE956E002BA8B3 /* Debug */ = {
			isa = XCBuildConfiguration;
			buildSettings = {
				ALWAYS_SEARCH_USER_PATHS = NO;
				ASSETCATALOG_COMPILER_GENERATE_SWIFT_ASSET_SYMBOL_EXTENSIONS = YES;
				CLANG_ANALYZER_NONNULL = YES;
				CLANG_ANALYZER_NUMBER_OBJECT_CONVERSION = YES_AGGRESSIVE;
				CLANG_CXX_LANGUAGE_STANDARD = "gnu++20";
				CLANG_ENABLE_MODULES = YES;
				CLANG_ENABLE_OBJC_ARC = YES;
				CLANG_ENABLE_OBJC_WEAK = YES;
				CLANG_WARN_BLOCK_CAPTURE_AUTORELEASING = YES;
				CLANG_WARN_BOOL_CONVERSION = YES;
				CLANG_WARN_COMMA = YES;
				CLANG_WARN_CONSTANT_CONVERSION = YES;
				CLANG_WARN_DEPRECATED_OBJC_IMPLEMENTATIONS = YES;
				CLANG_WARN_DIRECT_OBJC_ISA_USAGE = YES_ERROR;
				CLANG_WARN_DOCUMENTATION_COMMENTS = YES;
				CLANG_WARN_EMPTY_BODY = YES;
				CLANG_WARN_ENUM_CONVERSION = YES;
				CLANG_WARN_INFINITE_RECURSION = YES;
				CLANG_WARN_INT_CONVERSION = YES;
				CLANG_WARN_NON_LITERAL_NULL_CONVERSION = YES;
				CLANG_WARN_OBJC_IMPLICIT_RETAIN_SELF = YES;
				CLANG_WARN_OBJC_LITERAL_CONVERSION = YES;
				CLANG_WARN_OBJC_ROOT_CLASS = YES_ERROR;
				CLANG_WARN_QUOTED_INCLUDE_IN_FRAMEWORK_HEADER = YES;
				CLANG_WARN_RANGE_LOOP_ANALYSIS = YES;
				CLANG_WARN_STRICT_PROTOTYPES = YES;
				CLANG_WARN_SUSPICIOUS_MOVE = YES;
				CLANG_WARN_UNGUARDED_AVAILABILITY = YES_AGGRESSIVE;
				CLANG_WARN_UNREACHABLE_CODE = YES;
				CLANG_WARN__DUPLICATE_METHOD_MATCH = YES;
				COPY_PHASE_STRIP = NO;
				DEBUG_INFORMATION_FORMAT = dwarf;
				DEVELOPMENT_TEAM = TYSB536CZG;
				ENABLE_STRICT_OBJC_MSGSEND = YES;
				ENABLE_TESTABILITY = YES;
				ENABLE_USER_SCRIPT_SANDBOXING = YES;
				GCC_C_LANGUAGE_STANDARD = gnu17;
				GCC_DYNAMIC_NO_PIC = NO;
				GCC_NO_COMMON_BLOCKS = YES;
				GCC_OPTIMIZATION_LEVEL = 0;
				GCC_PREPROCESSOR_DEFINITIONS = (
					"DEBUG=1",
					"$(inherited)",
				);
				GCC_WARN_64_TO_32_BIT_CONVERSION = YES;
				GCC_WARN_ABOUT_RETURN_TYPE = YES_ERROR;
				GCC_WARN_UNDECLARED_SELECTOR = YES;
				GCC_WARN_UNINITIALIZED_AUTOS = YES_AGGRESSIVE;
				GCC_WARN_UNUSED_FUNCTION = YES;
				GCC_WARN_UNUSED_VARIABLE = YES;
				IPHONEOS_DEPLOYMENT_TARGET = 18.4;
				LOCALIZATION_PREFERS_STRING_CATALOGS = YES;
				MTL_ENABLE_DEBUG_INFO = INCLUDE_SOURCE;
				MTL_FAST_MATH = YES;
				ONLY_ACTIVE_ARCH = YES;
				SDKROOT = iphoneos;
				SWIFT_ACTIVE_COMPILATION_CONDITIONS = "DEBUG $(inherited)";
				SWIFT_OPTIMIZATION_LEVEL = "-Onone";
			};
			name = Debug;
		};
		157BB40F2DCE956E002BA8B3 /* Release */ = {
			isa = XCBuildConfiguration;
			buildSettings = {
				ALWAYS_SEARCH_USER_PATHS = NO;
				ASSETCATALOG_COMPILER_GENERATE_SWIFT_ASSET_SYMBOL_EXTENSIONS = YES;
				CLANG_ANALYZER_NONNULL = YES;
				CLANG_ANALYZER_NUMBER_OBJECT_CONVERSION = YES_AGGRESSIVE;
				CLANG_CXX_LANGUAGE_STANDARD = "gnu++20";
				CLANG_ENABLE_MODULES = YES;
				CLANG_ENABLE_OBJC_ARC = YES;
				CLANG_ENABLE_OBJC_WEAK = YES;
				CLANG_WARN_BLOCK_CAPTURE_AUTORELEASING = YES;
				CLANG_WARN_BOOL_CONVERSION = YES;
				CLANG_WARN_COMMA = YES;
				CLANG_WARN_CONSTANT_CONVERSION = YES;
				CLANG_WARN_DEPRECATED_OBJC_IMPLEMENTATIONS = YES;
				CLANG_WARN_DIRECT_OBJC_ISA_USAGE = YES_ERROR;
				CLANG_WARN_DOCUMENTATION_COMMENTS = YES;
				CLANG_WARN_EMPTY_BODY = YES;
				CLANG_WARN_ENUM_CONVERSION = YES;
				CLANG_WARN_INFINITE_RECURSION = YES;
				CLANG_WARN_INT_CONVERSION = YES;
				CLANG_WARN_NON_LITERAL_NULL_CONVERSION = YES;
				CLANG_WARN_OBJC_IMPLICIT_RETAIN_SELF = YES;
				CLANG_WARN_OBJC_LITERAL_CONVERSION = YES;
				CLANG_WARN_OBJC_ROOT_CLASS = YES_ERROR;
				CLANG_WARN_QUOTED_INCLUDE_IN_FRAMEWORK_HEADER = YES;
				CLANG_WARN_RANGE_LOOP_ANALYSIS = YES;
				CLANG_WARN_STRICT_PROTOTYPES = YES;
				CLANG_WARN_SUSPICIOUS_MOVE = YES;
				CLANG_WARN_UNGUARDED_AVAILABILITY = YES_AGGRESSIVE;
				CLANG_WARN_UNREACHABLE_CODE = YES;
				CLANG_WARN__DUPLICATE_METHOD_MATCH = YES;
				COPY_PHASE_STRIP = NO;
				DEBUG_INFORMATION_FORMAT = "dwarf-with-dsym";
				DEVELOPMENT_TEAM = TYSB536CZG;
				ENABLE_NS_ASSERTIONS = NO;
				ENABLE_STRICT_OBJC_MSGSEND = YES;
				ENABLE_USER_SCRIPT_SANDBOXING = YES;
				GCC_C_LANGUAGE_STANDARD = gnu17;
				GCC_NO_COMMON_BLOCKS = YES;
				GCC_WARN_64_TO_32_BIT_CONVERSION = YES;
				GCC_WARN_ABOUT_RETURN_TYPE = YES_ERROR;
				GCC_WARN_UNDECLARED_SELECTOR = YES;
				GCC_WARN_UNINITIALIZED_AUTOS = YES_AGGRESSIVE;
				GCC_WARN_UNUSED_FUNCTION = YES;
				GCC_WARN_UNUSED_VARIABLE = YES;
				IPHONEOS_DEPLOYMENT_TARGET = 18.4;
				LOCALIZATION_PREFERS_STRING_CATALOGS = YES;
				MTL_ENABLE_DEBUG_INFO = NO;
				MTL_FAST_MATH = YES;
				SDKROOT = iphoneos;
				SWIFT_COMPILATION_MODE = wholemodule;
				VALIDATE_PRODUCT = YES;
			};
			name = Release;
		};
		157BB4112DCE956E002BA8B3 /* Debug */ = {
			isa = XCBuildConfiguration;
			buildSettings = {
				ASSETCATALOG_COMPILER_APPICON_NAME = AppIcon;
				ASSETCATALOG_COMPILER_GLOBAL_ACCENT_COLOR_NAME = AccentColor;
				CODE_SIGN_STYLE = Automatic;
				CURRENT_PROJECT_VERSION = 1;
				DEVELOPMENT_TEAM = TYSB536CZG;
				ENABLE_PREVIEWS = YES;
				GENERATE_INFOPLIST_FILE = YES;
				INFOPLIST_KEY_UIApplicationSceneManifest_Generation = YES;
				INFOPLIST_KEY_UIApplicationSupportsIndirectInputEvents = YES;
				INFOPLIST_KEY_UILaunchScreen_Generation = YES;
				INFOPLIST_KEY_UISupportedInterfaceOrientations_iPad = "UIInterfaceOrientationPortrait UIInterfaceOrientationPortraitUpsideDown UIInterfaceOrientationLandscapeLeft UIInterfaceOrientationLandscapeRight";
				INFOPLIST_KEY_UISupportedInterfaceOrientations_iPhone = "UIInterfaceOrientationPortrait UIInterfaceOrientationLandscapeLeft UIInterfaceOrientationLandscapeRight";
				LD_RUNPATH_SEARCH_PATHS = (
					"$(inherited)",
					"@executable_path/Frameworks",
				);
				MARKETING_VERSION = 1.0;
				PRODUCT_BUNDLE_IDENTIFIER = com.brunovalente.PaperClip;
				PRODUCT_NAME = "$(TARGET_NAME)";
				SWIFT_EMIT_LOC_STRINGS = YES;
				SWIFT_VERSION = 5.0;
				TARGETED_DEVICE_FAMILY = "1,2";
			};
			name = Debug;
		};
		157BB4122DCE956E002BA8B3 /* Release */ = {
			isa = XCBuildConfiguration;
			buildSettings = {
				ASSETCATALOG_COMPILER_APPICON_NAME = AppIcon;
				ASSETCATALOG_COMPILER_GLOBAL_ACCENT_COLOR_NAME = AccentColor;
				CODE_SIGN_STYLE = Automatic;
				CURRENT_PROJECT_VERSION = 1;
				DEVELOPMENT_TEAM = TYSB536CZG;
				ENABLE_PREVIEWS = YES;
				GENERATE_INFOPLIST_FILE = YES;
				INFOPLIST_KEY_UIApplicationSceneManifest_Generation = YES;
				INFOPLIST_KEY_UIApplicationSupportsIndirectInputEvents = YES;
				INFOPLIST_KEY_UILaunchScreen_Generation = YES;
				INFOPLIST_KEY_UISupportedInterfaceOrientations_iPad = "UIInterfaceOrientationPortrait UIInterfaceOrientationPortraitUpsideDown UIInterfaceOrientationLandscapeLeft UIInterfaceOrientationLandscapeRight";
				INFOPLIST_KEY_UISupportedInterfaceOrientations_iPhone = "UIInterfaceOrientationPortrait UIInterfaceOrientationLandscapeLeft UIInterfaceOrientationLandscapeRight";
				LD_RUNPATH_SEARCH_PATHS = (
					"$(inherited)",
					"@executable_path/Frameworks",
				);
				MARKETING_VERSION = 1.0;
				PRODUCT_BUNDLE_IDENTIFIER = com.brunovalente.PaperClip;
				PRODUCT_NAME = "$(TARGET_NAME)";
				SWIFT_EMIT_LOC_STRINGS = YES;
				SWIFT_VERSION = 5.0;
				TARGETED_DEVICE_FAMILY = "1,2";
			};
			name = Release;
		};
		157BB4142DCE956E002BA8B3 /* Debug */ = {
			isa = XCBuildConfiguration;
			buildSettings = {
				BUNDLE_LOADER = "$(TEST_HOST)";
				CODE_SIGN_STYLE = Automatic;
				CURRENT_PROJECT_VERSION = 1;
				DEVELOPMENT_TEAM = TYSB536CZG;
				GENERATE_INFOPLIST_FILE = YES;
				IPHONEOS_DEPLOYMENT_TARGET = 18.4;
				MARKETING_VERSION = 1.0;
				PRODUCT_BUNDLE_IDENTIFIER = com.brunovalente.PaperClipTests;
				PRODUCT_NAME = "$(TARGET_NAME)";
				SWIFT_EMIT_LOC_STRINGS = NO;
				SWIFT_VERSION = 5.0;
				TARGETED_DEVICE_FAMILY = "1,2";
				TEST_HOST = "$(BUILT_PRODUCTS_DIR)/PaperClip.app/$(BUNDLE_EXECUTABLE_FOLDER_PATH)/PaperClip";
			};
			name = Debug;
		};
		157BB4152DCE956E002BA8B3 /* Release */ = {
			isa = XCBuildConfiguration;
			buildSettings = {
				BUNDLE_LOADER = "$(TEST_HOST)";
				CODE_SIGN_STYLE = Automatic;
				CURRENT_PROJECT_VERSION = 1;
				DEVELOPMENT_TEAM = TYSB536CZG;
				GENERATE_INFOPLIST_FILE = YES;
				IPHONEOS_DEPLOYMENT_TARGET = 18.4;
				MARKETING_VERSION = 1.0;
				PRODUCT_BUNDLE_IDENTIFIER = com.brunovalente.PaperClipTests;
				PRODUCT_NAME = "$(TARGET_NAME)";
				SWIFT_EMIT_LOC_STRINGS = NO;
				SWIFT_VERSION = 5.0;
				TARGETED_DEVICE_FAMILY = "1,2";
				TEST_HOST = "$(BUILT_PRODUCTS_DIR)/PaperClip.app/$(BUNDLE_EXECUTABLE_FOLDER_PATH)/PaperClip";
			};
			name = Release;
		};
		157BB4172DCE956E002BA8B3 /* Debug */ = {
			isa = XCBuildConfiguration;
			buildSettings = {
				CODE_SIGN_STYLE = Automatic;
				CURRENT_PROJECT_VERSION = 1;
				DEVELOPMENT_TEAM = TYSB536CZG;
				GENERATE_INFOPLIST_FILE = YES;
				MARKETING_VERSION = 1.0;
				PRODUCT_BUNDLE_IDENTIFIER = com.brunovalente.PaperClipUITests;
				PRODUCT_NAME = "$(TARGET_NAME)";
				SWIFT_EMIT_LOC_STRINGS = NO;
				SWIFT_VERSION = 5.0;
				TARGETED_DEVICE_FAMILY = "1,2";
				TEST_TARGET_NAME = PaperClip;
			};
			name = Debug;
		};
		157BB4182DCE956E002BA8B3 /* Release */ = {
			isa = XCBuildConfiguration;
			buildSettings = {
				CODE_SIGN_STYLE = Automatic;
				CURRENT_PROJECT_VERSION = 1;
				DEVELOPMENT_TEAM = TYSB536CZG;
				GENERATE_INFOPLIST_FILE = YES;
				MARKETING_VERSION = 1.0;
				PRODUCT_BUNDLE_IDENTIFIER = com.brunovalente.PaperClipUITests;
				PRODUCT_NAME = "$(TARGET_NAME)";
				SWIFT_EMIT_LOC_STRINGS = NO;
				SWIFT_VERSION = 5.0;
				TARGETED_DEVICE_FAMILY = "1,2";
				TEST_TARGET_NAME = PaperClip;
			};
			name = Release;
		};
/* End XCBuildConfiguration section */

/* Begin XCConfigurationList section */
		157BB3E52DCE956C002BA8B3 /* Build configuration list for PBXProject "PaperClip" */ = {
			isa = XCConfigurationList;
			buildConfigurations = (
				157BB40E2DCE956E002BA8B3 /* Debug */,
				157BB40F2DCE956E002BA8B3 /* Release */,
			);
			defaultConfigurationIsVisible = 0;
			defaultConfigurationName = Release;
		};
		157BB4102DCE956E002BA8B3 /* Build configuration list for PBXNativeTarget "PaperClip" */ = {
			isa = XCConfigurationList;
			buildConfigurations = (
				157BB4112DCE956E002BA8B3 /* Debug */,
				157BB4122DCE956E002BA8B3 /* Release */,
			);
			defaultConfigurationIsVisible = 0;
			defaultConfigurationName = Release;
		};
		157BB4132DCE956E002BA8B3 /* Build configuration list for PBXNativeTarget "PaperClipTests" */ = {
			isa = XCConfigurationList;
			buildConfigurations = (
				157BB4142DCE956E002BA8B3 /* Debug */,
				157BB4152DCE956E002BA8B3 /* Release */,
			);
			defaultConfigurationIsVisible = 0;
			defaultConfigurationName = Release;
		};
		157BB4162DCE956E002BA8B3 /* Build configuration list for PBXNativeTarget "PaperClipUITests" */ = {
			isa = XCConfigurationList;
			buildConfigurations = (
				157BB4172DCE956E002BA8B3 /* Debug */,
				157BB4182DCE956E002BA8B3 /* Release */,
			);
			defaultConfigurationIsVisible = 0;
			defaultConfigurationName = Release;
		};
/* End XCConfigurationList section */
	};
	rootObject = 157BB3E22DCE956C002BA8B3 /* Project object */;
}
